
Microsoft Visual Studio Solution File, Format Version 12.00
# Visual Studio Version 16
VisualStudioVersion = 16.0.31729.503
MinimumVisualStudioVersion = 10.0.40219.1
Project("{FAE04EC0-301F-11D3-BF4B-00C04F79EFBC}") = "OP1", "OP1.csproj", "{7E71C836-8677-4803-83BE-88FDF1CDB8BF}"
EndProject
Global
	GlobalSection(SolutionConfigurationPlatforms) = preSolution
		Debug|Any CPU = Debug|Any CPU
		Release|Any CPU = Release|Any CPU
	EndGlobalSection
	GlobalSection(ProjectConfigurationPlatforms) = postSolution
		{7E71C836-8677-4803-83BE-88FDF1CDB8BF}.Debug|Any CPU.ActiveCfg = Debug|Any CPU
		{7E71C836-8677-4803-83BE-88FDF1CDB8BF}.Debug|Any CPU.Build.0 = Debug|Any CPU
		{7E71C836-8677-4803-83BE-88FDF1CDB8BF}.Release|Any CPU.ActiveCfg = Release|Any CPU
		{7E71C836-8677-4803-83BE-88FDF1CDB8BF}.Release|Any CPU.Build.0 = Release|Any CPU
	EndGlobalSection
	GlobalSection(SolutionProperties) = preSolution
		HideSolutionNode = FALSE
	EndGlobalSection
	GlobalSection(ExtensibilityGlobals) = postSolution
		SolutionGuid = {56D62A55-7769-4846-B3B9-BA526CBF8CFE}
	EndGlobalSection
EndGlobal
